
Microsoft Visual Studio Solution File, Format Version 12.00
# Visual Studio Version 17
VisualStudioVersion = 17.0.31903.59
MinimumVisualStudioVersion = 10.0.40219.1
Project("{FAE04EC0-301F-11D3-BF4B-00C04F79EFBC}") = "AdventOfCode.Day16", "AdventOfCode.Day16\AdventOfCode.Day16.csproj", "{9CF48EB5-28EF-405A-8275-A3232AA7DCDB}"
EndProject
Project("{FAE04EC0-301F-11D3-BF4B-00C04F79EFBC}") = "AdventOfCode.Day17", "AdventOfCode.Day17\AdventOfCode.Day17.csproj", "{8FE3E2D0-5498-42B4-AF1F-3123AC12764B}"
EndProject
Project("{FAE04EC0-301F-11D3-BF4B-00C04F79EFBC}") = "AdventOfCode.Day18", "AdventOfCode.Day18\AdventOfCode.Day18.csproj", "{B21D6301-3B4E-4025-9BE2-B3D82FD4CADC}"
EndProject
Project("{FAE04EC0-301F-11D3-BF4B-00C04F79EFBC}") = "AdventOfCode.Day19", "AdventOfCode.Day19\AdventOfCode.Day19.csproj", "{25AE81DE-57D2-4A2B-BE9D-52BA20469837}"
EndProject
Project("{FAE04EC0-301F-11D3-BF4B-00C04F79EFBC}") = "AdventOfCode.Day20", "AdventOfCode.Day20\AdventOfCode.Day20.csproj", "{635392AA-A54B-44A8-890F-638E4896F61F}"
EndProject
Project("{FAE04EC0-301F-11D3-BF4B-00C04F79EFBC}") = "AdventOfCode.Day21", "AdventOfCode.Day21\AdventOfCode.Day21.csproj", "{1C47D2F0-EFE8-471F-A94A-1F8A0446AA76}"
EndProject
Project("{FAE04EC0-301F-11D3-BF4B-00C04F79EFBC}") = "AdventOfCode.Day22", "AdventOfCode.Day22\AdventOfCode.Day22.csproj", "{F93C5AD3-B45F-4555-AF80-302627541781}"
EndProject
Project("{FAE04EC0-301F-11D3-BF4B-00C04F79EFBC}") = "AdventOfCode.Day23", "AdventOfCode.Day23\AdventOfCode.Day23.csproj", "{E2908490-A090-481D-B41B-E0E4417999B1}"
EndProject
Project("{FAE04EC0-301F-11D3-BF4B-00C04F79EFBC}") = "AdventOfCode.Day24", "AdventOfCode.Day24\AdventOfCode.Day24.csproj", "{F3A661CF-C8A5-40EE-8E16-D261C47A1A08}"
EndProject
Project("{FAE04EC0-301F-11D3-BF4B-00C04F79EFBC}") = "AdventOfCode.Day25", "AdventOfCode.Day25\AdventOfCode.Day25.csproj", "{9A52D123-0CC2-47E2-A028-162D48AF5206}"
EndProject
Global
	GlobalSection(SolutionConfigurationPlatforms) = preSolution
		Debug|Any CPU = Debug|Any CPU
		Release|Any CPU = Release|Any CPU
	EndGlobalSection
	GlobalSection(SolutionProperties) = preSolution
		HideSolutionNode = FALSE
	EndGlobalSection
	GlobalSection(ProjectConfigurationPlatforms) = postSolution
		{9CF48EB5-28EF-405A-8275-A3232AA7DCDB}.Debug|Any CPU.ActiveCfg = Debug|Any CPU
		{9CF48EB5-28EF-405A-8275-A3232AA7DCDB}.Debug|Any CPU.Build.0 = Debug|Any CPU
		{9CF48EB5-28EF-405A-8275-A3232AA7DCDB}.Release|Any CPU.ActiveCfg = Release|Any CPU
		{9CF48EB5-28EF-405A-8275-A3232AA7DCDB}.Release|Any CPU.Build.0 = Release|Any CPU
		{8FE3E2D0-5498-42B4-AF1F-3123AC12764B}.Debug|Any CPU.ActiveCfg = Debug|Any CPU
		{8FE3E2D0-5498-42B4-AF1F-3123AC12764B}.Debug|Any CPU.Build.0 = Debug|Any CPU
		{8FE3E2D0-5498-42B4-AF1F-3123AC12764B}.Release|Any CPU.ActiveCfg = Release|Any CPU
		{8FE3E2D0-5498-42B4-AF1F-3123AC12764B}.Release|Any CPU.Build.0 = Release|Any CPU
		{B21D6301-3B4E-4025-9BE2-B3D82FD4CADC}.Debug|Any CPU.ActiveCfg = Debug|Any CPU
		{B21D6301-3B4E-4025-9BE2-B3D82FD4CADC}.Debug|Any CPU.Build.0 = Debug|Any CPU
		{B21D6301-3B4E-4025-9BE2-B3D82FD4CADC}.Release|Any CPU.ActiveCfg = Release|Any CPU
		{B21D6301-3B4E-4025-9BE2-B3D82FD4CADC}.Release|Any CPU.Build.0 = Release|Any CPU
		{25AE81DE-57D2-4A2B-BE9D-52BA20469837}.Debug|Any CPU.ActiveCfg = Debug|Any CPU
		{25AE81DE-57D2-4A2B-BE9D-52BA20469837}.Debug|Any CPU.Build.0 = Debug|Any CPU
		{25AE81DE-57D2-4A2B-BE9D-52BA20469837}.Release|Any CPU.ActiveCfg = Release|Any CPU
		{25AE81DE-57D2-4A2B-BE9D-52BA20469837}.Release|Any CPU.Build.0 = Release|Any CPU
		{635392AA-A54B-44A8-890F-638E4896F61F}.Debug|Any CPU.ActiveCfg = Debug|Any CPU
		{635392AA-A54B-44A8-890F-638E4896F61F}.Debug|Any CPU.Build.0 = Debug|Any CPU
		{635392AA-A54B-44A8-890F-638E4896F61F}.Release|Any CPU.ActiveCfg = Release|Any CPU
		{635392AA-A54B-44A8-890F-638E4896F61F}.Release|Any CPU.Build.0 = Release|Any CPU
		{1C47D2F0-EFE8-471F-A94A-1F8A0446AA76}.Debug|Any CPU.ActiveCfg = Debug|Any CPU
		{1C47D2F0-EFE8-471F-A94A-1F8A0446AA76}.Debug|Any CPU.Build.0 = Debug|Any CPU
		{1C47D2F0-EFE8-471F-A94A-1F8A0446AA76}.Release|Any CPU.ActiveCfg = Release|Any CPU
		{1C47D2F0-EFE8-471F-A94A-1F8A0446AA76}.Release|Any CPU.Build.0 = Release|Any CPU
		{F93C5AD3-B45F-4555-AF80-302627541781}.Debug|Any CPU.ActiveCfg = Debug|Any CPU
		{F93C5AD3-B45F-4555-AF80-302627541781}.Debug|Any CPU.Build.0 = Debug|Any CPU
		{F93C5AD3-B45F-4555-AF80-302627541781}.Release|Any CPU.ActiveCfg = Release|Any CPU
		{F93C5AD3-B45F-4555-AF80-302627541781}.Release|Any CPU.Build.0 = Release|Any CPU
		{E2908490-A090-481D-B41B-E0E4417999B1}.Debug|Any CPU.ActiveCfg = Debug|Any CPU
		{E2908490-A090-481D-B41B-E0E4417999B1}.Debug|Any CPU.Build.0 = Debug|Any CPU
		{E2908490-A090-481D-B41B-E0E4417999B1}.Release|Any CPU.ActiveCfg = Release|Any CPU
		{E2908490-A090-481D-B41B-E0E4417999B1}.Release|Any CPU.Build.0 = Release|Any CPU
		{F3A661CF-C8A5-40EE-8E16-D261C47A1A08}.Debug|Any CPU.ActiveCfg = Debug|Any CPU
		{F3A661CF-C8A5-40EE-8E16-D261C47A1A08}.Debug|Any CPU.Build.0 = Debug|Any CPU
		{F3A661CF-C8A5-40EE-8E16-D261C47A1A08}.Release|Any CPU.ActiveCfg = Release|Any CPU
		{F3A661CF-C8A5-40EE-8E16-D261C47A1A08}.Release|Any CPU.Build.0 = Release|Any CPU
		{9A52D123-0CC2-47E2-A028-162D48AF5206}.Debug|Any CPU.ActiveCfg = Debug|Any CPU
		{9A52D123-0CC2-47E2-A028-162D48AF5206}.Debug|Any CPU.Build.0 = Debug|Any CPU
		{9A52D123-0CC2-47E2-A028-162D48AF5206}.Release|Any CPU.ActiveCfg = Release|Any CPU
		{9A52D123-0CC2-47E2-A028-162D48AF5206}.Release|Any CPU.Build.0 = Release|Any CPU
	EndGlobalSection
EndGlobal
